
Microsoft Visual Studio Solution File, Format Version 12.00
# Visual Studio Version 16
VisualStudioVersion = 16.0.29905.134
MinimumVisualStudioVersion = 10.0.40219.1
Project("{FAE04EC0-301F-11D3-BF4B-00C04F79EFBC}") = "8Authentication", "8Authentication\8Authentication.csproj", "{7B857B85-D851-454F-A3E4-0E95AB29ABCB}"
EndProject
Global
	GlobalSection(SolutionConfigurationPlatforms) = preSolution
		Debug|Any CPU = Debug|Any CPU
		Release|Any CPU = Release|Any CPU
	EndGlobalSection
	GlobalSection(ProjectConfigurationPlatforms) = postSolution
		{7B857B85-D851-454F-A3E4-0E95AB29ABCB}.Debug|Any CPU.ActiveCfg = Debug|Any CPU
		{7B857B85-D851-454F-A3E4-0E95AB29ABCB}.Debug|Any CPU.Build.0 = Debug|Any CPU
		{7B857B85-D851-454F-A3E4-0E95AB29ABCB}.Release|Any CPU.ActiveCfg = Release|Any CPU
		{7B857B85-D851-454F-A3E4-0E95AB29ABCB}.Release|Any CPU.Build.0 = Release|Any CPU
	EndGlobalSection
	GlobalSection(SolutionProperties) = preSolution
		HideSolutionNode = FALSE
	EndGlobalSection
	GlobalSection(ExtensibilityGlobals) = postSolution
		SolutionGuid = {0ACC52F5-17F8-4F3B-93F4-B42C034B574E}
	EndGlobalSection
EndGlobal
